
Microsoft Visual Studio Solution File, Format Version 12.00
# Visual Studio 2013
VisualStudioVersion = 12.0.21005.1
MinimumVisualStudioVersion = 10.0.40219.1
Project("{FAE04EC0-301F-11D3-BF4B-00C04F79EFBC}") = "Tetrao", "AnusPounder\Tetrao.csproj", "{68E76D74-B3A9-4344-9ED3-F24EAB129CFF}"
EndProject
Project("{FAE04EC0-301F-11D3-BF4B-00C04F79EFBC}") = "Tetrao - Client", "AnusPounder - Client\Tetrao - Client.csproj", "{50837A82-5D36-4828-A07F-4F3CB5668624}"
EndProject
Global
	GlobalSection(SolutionConfigurationPlatforms) = preSolution
		Debug|Any CPU = Debug|Any CPU
		Release|Any CPU = Release|Any CPU
	EndGlobalSection
	GlobalSection(ProjectConfigurationPlatforms) = postSolution
		{68E76D74-B3A9-4344-9ED3-F24EAB129CFF}.Debug|Any CPU.ActiveCfg = Debug|Any CPU
		{68E76D74-B3A9-4344-9ED3-F24EAB129CFF}.Debug|Any CPU.Build.0 = Debug|Any CPU
		{68E76D74-B3A9-4344-9ED3-F24EAB129CFF}.Release|Any CPU.ActiveCfg = Release|Any CPU
		{68E76D74-B3A9-4344-9ED3-F24EAB129CFF}.Release|Any CPU.Build.0 = Release|Any CPU
		{50837A82-5D36-4828-A07F-4F3CB5668624}.Debug|Any CPU.ActiveCfg = Debug|Any CPU
		{50837A82-5D36-4828-A07F-4F3CB5668624}.Debug|Any CPU.Build.0 = Debug|Any CPU
		{50837A82-5D36-4828-A07F-4F3CB5668624}.Release|Any CPU.ActiveCfg = Release|Any CPU
		{50837A82-5D36-4828-A07F-4F3CB5668624}.Release|Any CPU.Build.0 = Release|Any CPU
	EndGlobalSection
	GlobalSection(SolutionProperties) = preSolution
		HideSolutionNode = FALSE
	EndGlobalSection
EndGlobal
